{
  "nodes": {
    "nixpkgs": {
      "locked": {
        "lastModified": 1743935169,
        "narHash": "sha256-RlgjaMSWdxqWacDxouuAIZq54zmeMMYK+ap6oHBMcNE=",
        "owner": "NixOS",
        "repo": "nixpkgs",
        "rev": "f53f5f75b269e9e01fac4d1497673914383380a5",
        "type": "github"
      },
      "original": {
        "owner": "NixOS",
        "repo": "nixpkgs",
        "type": "github"
      }
    },
    "pyproject-build-systems": {
      "inputs": {
        "nixpkgs": [
          "nixpkgs"
        ],
        "pyproject-nix": [
          "pyproject-nix"
        ],
        "uv2nix": [
          "uv2nix"
        ]
      },
      "locked": {
        "lastModified": 1743796969,
        "narHash": "sha256-EtKARufQM9s7P62wvnNVLeQaSCNM6rwSE5bnrro6OX4=",
        "owner": "pyproject-nix",
        "repo": "build-system-pkgs",
        "rev": "b0ba01335751048a6ffb3058eb09f7b76f2e57b9",
        "type": "github"
      },
      "original": {
        "owner": "pyproject-nix",
        "repo": "build-system-pkgs",
        "type": "github"
      }
    },
    "pyproject-nix": {
      "inputs": {
        "nixpkgs": [
          "nixpkgs"
        ]
      },
      "locked": {
        "lastModified": 1743438845,
        "narHash": "sha256-1GSaoubGtvsLRwoYwHjeKYq40tLwvuFFVhGrG8J9Oek=",
        "owner": "pyproject-nix",
        "repo": "pyproject.nix",
        "rev": "8063ec98edc459571d042a640b1c5e334ecfca1e",
        "type": "github"
      },
      "original": {
        "owner": "pyproject-nix",
        "repo": "pyproject.nix",
        "type": "github"
      }
    },
    "root": {
      "inputs": {
        "nixpkgs": "nixpkgs",
        "pyproject-build-systems": "pyproject-build-systems",
        "pyproject-nix": "pyproject-nix",
        "uv2nix": "uv2nix"
      }
    },
    "uv2nix": {
      "inputs": {
        "nixpkgs": [
          "nixpkgs"
        ],
        "pyproject-nix": [
          "pyproject-nix"
        ]
      },
      "locked": {
        "lastModified": 1743629021,
        "narHash": "sha256-0A2J1IAAc4V7uI/+CN1t6FgNeS3ZJFWBJBKVa7QJNJk=",
        "owner": "pyproject-nix",
        "repo": "uv2nix",
        "rev": "8d193b3899bacf156fa27ad534b2ac4154932b80",
        "type": "github"
      },
      "original": {
        "owner": "pyproject-nix",
        "repo": "uv2nix",
        "type": "github"
      }
    }
  },
  "root": "root",
  "version": 7
}
